Microsoft Visual Studio Solution File, Format Version 12.00
# Visual Studio Version 17
VisualStudioVersion = 17.5.2.0
MinimumVisualStudioVersion = 10.0.40219.1
Project("{FAE04EC0-301F-11D3-BF4B-00C04F79EFBC}") = "MauiProjectBWeather", "MauiProjectBWeather.csproj", "{240F94EF-F7D3-AAD4-C6B6-A4E627C1695E}"
EndProject
Global
	GlobalSection(SolutionConfigurationPlatforms) = preSolution
		Debug|Any CPU = Debug|Any CPU
		Release|Any CPU = Release|Any CPU
	EndGlobalSection
	GlobalSection(ProjectConfigurationPlatforms) = postSolution
		{240F94EF-F7D3-AAD4-C6B6-A4E627C1695E}.Debug|Any CPU.ActiveCfg = Debug|Any CPU
		{240F94EF-F7D3-AAD4-C6B6-A4E627C1695E}.Debug|Any CPU.Build.0 = Debug|Any CPU
		{240F94EF-F7D3-AAD4-C6B6-A4E627C1695E}.Release|Any CPU.ActiveCfg = Release|Any CPU
		{240F94EF-F7D3-AAD4-C6B6-A4E627C1695E}.Release|Any CPU.Build.0 = Release|Any CPU
	EndGlobalSection
	GlobalSection(SolutionProperties) = preSolution
		HideSolutionNode = FALSE
	EndGlobalSection
	GlobalSection(ExtensibilityGlobals) = postSolution
		SolutionGuid = {3F5A0A79-8296-42FF-BE7C-EEC5D4E12B9A}
	EndGlobalSection
EndGlobal
